# THIS IS AN AUTOGENERATED FILE. DO NOT EDIT THIS FILE DIRECTLY.
# yarn lockfile v1


"@types/node@^16.11.7":
  version "16.11.7"
  resolved "https://registry.yarnpkg.com/@types/node/-/node-16.11.7.tgz#36820945061326978c42a01e56b61cd223dfdc42"
  integrity sha512-QB5D2sqfSjCmTuWcBWyJ+/44bcjO7VbjSbOE0ucoVbAsSNQc4Lt6QkgkVXkTDwkL4z/beecZNDvVX15D4P8Jbw==

commander@^8.3.0:
  version "8.3.0"
  resolved "https://registry.yarnpkg.com/commander/-/commander-8.3.0.tgz#4837ea1b2da67b9c616a67afbb0fafee567bca66"
  integrity sha512-OkTL9umf+He2DZkUq8f8J9of7yL6RJKI24dVITBmNfZBmri9zYZQrKkuXiKhyfPSu8tUhnVBB1iKXevvnlR4Ww==

typescript@^4.4.4:
  version "4.4.4"
  resolved "https://registry.yarnpkg.com/typescript/-/typescript-4.4.4.tgz#2cd01a1a1f160704d3101fd5a58ff0f9fcb8030c"
  integrity sha512-DqGhF5IKoBl8WNf8C1gu8q0xZSInh9j1kJJMqT3a94w1JzVaBU4EXOSMrz9yDqMT0xt3selp83fuFMQ0uzv6qA==

zod@^3.11.6:
  version "3.11.6"
  resolved "https://registry.yarnpkg.com/zod/-/zod-3.11.6.tgz#e43a5e0c213ae2e02aefe7cb2b1a6fa3d7f1f483"
  integrity sha512-daZ80A81I3/9lIydI44motWe6n59kRBfNzTuS2bfzVh1nAXi667TOTWWtatxyG+fwgNUiagSj/CWZwRRbevJIg==
